// !$*UTF8*$!
{
	archiveVersion = 1;
	classes = {
	};
	objectVersion = 46;
	objects = {

/* Begin PBXBuildFile section */
		196A9F163DEA5061BA954809 /* Pods.framework in Frameworks */ = {isa = PBXBuildFile; fileRef = A89C0163791F8EBC8199CA45 /* Pods.framework */; settings = {ATTRIBUTES = (Weak, ); }; };
		A65861F01C9C69D6009F1CAB /* AppDelegate.swift in Sources */ = {isa = PBXBuildFile; fileRef = A65861EF1C9C69D6009F1CAB /* AppDelegate.swift */; };
		A65861F51C9C69D6009F1CAB /* Main.storyboard in Resources */ = {isa = PBXBuildFile; fileRef = A65861F31C9C69D6009F1CAB /* Main.storyboard */; };
		A65861F81C9C69D6009F1CAB /* TestWay.xcdatamodeld in Sources */ = {isa = PBXBuildFile; fileRef = A65861F61C9C69D6009F1CAB /* TestWay.xcdatamodeld */; };
		A65861FA1C9C69D6009F1CAB /* Assets.xcassets in Resources */ = {isa = PBXBuildFile; fileRef = A65861F91C9C69D6009F1CAB /* Assets.xcassets */; };
		A65861FD1C9C69D6009F1CAB /* LaunchScreen.storyboard in Resources */ = {isa = PBXBuildFile; fileRef = A65861FB1C9C69D6009F1CAB /* LaunchScreen.storyboard */; };
		A65862081C9C69D6009F1CAB /* TestWayUITests.swift in Sources */ = {isa = PBXBuildFile; fileRef = A65862071C9C69D6009F1CAB /* TestWayUITests.swift */; };
		A658621A1C9C73AB009F1CAB /* DataManager.swift in Sources */ = {isa = PBXBuildFile; fileRef = A65862191C9C73AB009F1CAB /* DataManager.swift */; };
		A658621C1C9C74B7009F1CAB /* RouteTableViewController.swift in Sources */ = {isa = PBXBuildFile; fileRef = A658621B1C9C74B7009F1CAB /* RouteTableViewController.swift */; };
		A658621F1C9C7CB4009F1CAB /* allStations.json in Resources */ = {isa = PBXBuildFile; fileRef = A658621E1C9C7CB4009F1CAB /* allStations.json */; };
		A658625A1C9C8B58009F1CAB /* DepartureCity+CoreDataProperties.swift in Sources */ = {isa = PBXBuildFile; fileRef = A65862521C9C8B58009F1CAB /* DepartureCity+CoreDataProperties.swift */; };
		A658625B1C9C8B58009F1CAB /* DepartureCity.swift in Sources */ = {isa = PBXBuildFile; fileRef = A65862531C9C8B58009F1CAB /* DepartureCity.swift */; };
		A658625C1C9C8B58009F1CAB /* DepartureStation+CoreDataProperties.swift in Sources */ = {isa = PBXBuildFile; fileRef = A65862541C9C8B58009F1CAB /* DepartureStation+CoreDataProperties.swift */; };
		A658625D1C9C8B58009F1CAB /* DepartureStation.swift in Sources */ = {isa = PBXBuildFile; fileRef = A65862551C9C8B58009F1CAB /* DepartureStation.swift */; };
		A658625E1C9C8B58009F1CAB /* DeparturePoint+CoreDataProperties.swift in Sources */ = {isa = PBXBuildFile; fileRef = A65862561C9C8B58009F1CAB /* DeparturePoint+CoreDataProperties.swift */; };
		A658625F1C9C8B58009F1CAB /* DeparturePoint.swift in Sources */ = {isa = PBXBuildFile; fileRef = A65862571C9C8B58009F1CAB /* DeparturePoint.swift */; };
		A65862621C9C9451009F1CAB /* DepartureStationPoint+CoreDataProperties.swift in Sources */ = {isa = PBXBuildFile; fileRef = A65862601C9C9451009F1CAB /* DepartureStationPoint+CoreDataProperties.swift */; };
		A65862631C9C9451009F1CAB /* DepartureStationPoint.swift in Sources */ = {isa = PBXBuildFile; fileRef = A65862611C9C9451009F1CAB /* DepartureStationPoint.swift */; };
		A65862651C9C97C7009F1CAB /* SelectRouteTableViewController.swift in Sources */ = {isa = PBXBuildFile; fileRef = A65862641C9C97C7009F1CAB /* SelectRouteTableViewController.swift */; };
		A6F815841C9D6F77002D84F7 /* HostPoint+CoreDataProperties.swift in Sources */ = {isa = PBXBuildFile; fileRef = A6F8157C1C9D6F77002D84F7 /* HostPoint+CoreDataProperties.swift */; };
		A6F815851C9D6F77002D84F7 /* HostPoint.swift in Sources */ = {isa = PBXBuildFile; fileRef = A6F8157D1C9D6F77002D84F7 /* HostPoint.swift */; };
		A6F815861C9D6F77002D84F7 /* HostStationPoint+CoreDataProperties.swift in Sources */ = {isa = PBXBuildFile; fileRef = A6F8157E1C9D6F77002D84F7 /* HostStationPoint+CoreDataProperties.swift */; };
		A6F815871C9D6F77002D84F7 /* HostStationPoint.swift in Sources */ = {isa = PBXBuildFile; fileRef = A6F8157F1C9D6F77002D84F7 /* HostStationPoint.swift */; };
		A6F815881C9D6F77002D84F7 /* HostStation+CoreDataProperties.swift in Sources */ = {isa = PBXBuildFile; fileRef = A6F815801C9D6F77002D84F7 /* HostStation+CoreDataProperties.swift */; };
		A6F815891C9D6F77002D84F7 /* HostStation.swift in Sources */ = {isa = PBXBuildFile; fileRef = A6F815811C9D6F77002D84F7 /* HostStation.swift */; };
		A6F8158A1C9D6F77002D84F7 /* HostCity+CoreDataProperties.swift in Sources */ = {isa = PBXBuildFile; fileRef = A6F815821C9D6F77002D84F7 /* HostCity+CoreDataProperties.swift */; };
		A6F8158B1C9D6F77002D84F7 /* HostCity.swift in Sources */ = {isa = PBXBuildFile; fileRef = A6F815831C9D6F77002D84F7 /* HostCity.swift */; };
/* End PBXBuildFile section */

/* Begin PBXContainerItemProxy section */
		A65862041C9C69D6009F1CAB /* PBXContainerItemProxy */ = {
			isa = PBXContainerItemProxy;
			containerPortal = A65861E41C9C69D6009F1CAB /* Project object */;
			proxyType = 1;
			remoteGlobalIDString = A65861EB1C9C69D6009F1CAB;
			remoteInfo = TestWay;
		};
/* End PBXContainerItemProxy section */

/* Begin PBXFileReference section */
		47F55270C995DBAF9BB94C10 /* Pods.debug.xcconfig */ = {isa = PBXFileReference; includeInIndex = 1; lastKnownFileType = text.xcconfig; name = Pods.debug.xcconfig; path = "Pods/Target Support Files/Pods/Pods.debug.xcconfig"; sourceTree = "<group>"; };
		70864F2DF855BF8D6AD3B7DD /* Pods.release.xcconfig */ = {isa = PBXFileReference; includeInIndex = 1; lastKnownFileType = text.xcconfig; name = Pods.release.xcconfig; path = "Pods/Target Support Files/Pods/Pods.release.xcconfig"; sourceTree = "<group>"; };
		A65861EC1C9C69D6009F1CAB /* TestWay.app */ = {isa = PBXFileReference; explicitFileType = wrapper.application; includeInIndex = 0; path = TestWay.app; sourceTree = BUILT_PRODUCTS_DIR; };
		A65861EF1C9C69D6009F1CAB /* AppDelegate.swift */ = {isa = PBXFileReference; lastKnownFileType = sourcecode.swift; path = AppDelegate.swift; sourceTree = "<group>"; };
		A65861F41C9C69D6009F1CAB /* Base */ = {isa = PBXFileReference; lastKnownFileType = file.storyboard; name = Base; path = Base.lproj/Main.storyboard; sourceTree = "<group>"; };
		A65861F71C9C69D6009F1CAB /* TestWay.xcdatamodel */ = {isa = PBXFileReference; lastKnownFileType = wrapper.xcdatamodel; path = TestWay.xcdatamodel; sourceTree = "<group>"; };
		A65861F91C9C69D6009F1CAB /* Assets.xcassets */ = {isa = PBXFileReference; lastKnownFileType = folder.assetcatalog; path = Assets.xcassets; sourceTree = "<group>"; };
		A65861FC1C9C69D6009F1CAB /* Base */ = {isa = PBXFileReference; lastKnownFileType = file.storyboard; name = Base; path = Base.lproj/LaunchScreen.storyboard; sourceTree = "<group>"; };
		A65861FE1C9C69D6009F1CAB /* Info.plist */ = {isa = PBXFileReference; lastKnownFileType = text.plist.xml; path = Info.plist; sourceTree = "<group>"; };
		A65862031C9C69D6009F1CAB /* TestWayUITests.xctest */ = {isa = PBXFileReference; explicitFileType = wrapper.cfbundle; includeInIndex = 0; path = TestWayUITests.xctest; sourceTree = BUILT_PRODUCTS_DIR; };
		A65862071C9C69D6009F1CAB /* TestWayUITests.swift */ = {isa = PBXFileReference; lastKnownFileType = sourcecode.swift; path = TestWayUITests.swift; sourceTree = "<group>"; };
		A65862091C9C69D6009F1CAB /* Info.plist */ = {isa = PBXFileReference; lastKnownFileType = text.plist.xml; path = Info.plist; sourceTree = "<group>"; };
		A65862191C9C73AB009F1CAB /* DataManager.swift */ = {isa = PBXFileReference; fileEncoding = 4; lastKnownFileType = sourcecode.swift; path = DataManager.swift; sourceTree = "<group>"; };
		A658621B1C9C74B7009F1CAB /* RouteTableViewController.swift */ = {isa = PBXFileReference; fileEncoding = 4; lastKnownFileType = sourcecode.swift; path = RouteTableViewController.swift; sourceTree = "<group>"; };
		A658621E1C9C7CB4009F1CAB /* allStations.json */ = {isa = PBXFileReference; fileEncoding = 4; lastKnownFileType = text.json; path = allStations.json; sourceTree = "<group>"; };
		A65862521C9C8B58009F1CAB /* DepartureCity+CoreDataProperties.swift */ = {isa = PBXFileReference; fileEncoding = 4; lastKnownFileType = sourcecode.swift; path = "DepartureCity+CoreDataProperties.swift"; sourceTree = "<group>"; };
		A65862531C9C8B58009F1CAB /* DepartureCity.swift */ = {isa = PBXFileReference; fileEncoding = 4; lastKnownFileType = sourcecode.swift; path = DepartureCity.swift; sourceTree = "<group>"; };
		A65862541C9C8B58009F1CAB /* DepartureStation+CoreDataProperties.swift */ = {isa = PBXFileReference; fileEncoding = 4; lastKnownFileType = sourcecode.swift; path = "DepartureStation+CoreDataProperties.swift"; sourceTree = "<group>"; };
		A65862551C9C8B58009F1CAB /* DepartureStation.swift */ = {isa = PBXFileReference; fileEncoding = 4; lastKnownFileType = sourcecode.swift; path = DepartureStation.swift; sourceTree = "<group>"; };
		A65862561C9C8B58009F1CAB /* DeparturePoint+CoreDataProperties.swift */ = {isa = PBXFileReference; fileEncoding = 4; lastKnownFileType = sourcecode.swift; path = "DeparturePoint+CoreDataProperties.swift"; sourceTree = "<group>"; };
		A65862571C9C8B58009F1CAB /* DeparturePoint.swift */ = {isa = PBXFileReference; fileEncoding = 4; lastKnownFileType = sourcecode.swift; path = DeparturePoint.swift; sourceTree = "<group>"; };
		A65862601C9C9451009F1CAB /* DepartureStationPoint+CoreDataProperties.swift */ = {isa = PBXFileReference; fileEncoding = 4; lastKnownFileType = sourcecode.swift; path = "DepartureStationPoint+CoreDataProperties.swift"; sourceTree = "<group>"; };
		A65862611C9C9451009F1CAB /* DepartureStationPoint.swift */ = {isa = PBXFileReference; fileEncoding = 4; lastKnownFileType = sourcecode.swift; path = DepartureStationPoint.swift; sourceTree = "<group>"; };
		A65862641C9C97C7009F1CAB /* SelectRouteTableViewController.swift */ = {isa = PBXFileReference; fileEncoding = 4; lastKnownFileType = sourcecode.swift; path = SelectRouteTableViewController.swift; sourceTree = "<group>"; };
		A6F8157C1C9D6F77002D84F7 /* HostPoint+CoreDataProperties.swift */ = {isa = PBXFileReference; fileEncoding = 4; lastKnownFileType = sourcecode.swift; path = "HostPoint+CoreDataProperties.swift"; sourceTree = "<group>"; };
		A6F8157D1C9D6F77002D84F7 /* HostPoint.swift */ = {isa = PBXFileReference; fileEncoding = 4; lastKnownFileType = sourcecode.swift; path = HostPoint.swift; sourceTree = "<group>"; };
		A6F8157E1C9D6F77002D84F7 /* HostStationPoint+CoreDataProperties.swift */ = {isa = PBXFileReference; fileEncoding = 4; lastKnownFileType = sourcecode.swift; path = "HostStationPoint+CoreDataProperties.swift"; sourceTree = "<group>"; };
		A6F8157F1C9D6F77002D84F7 /* HostStationPoint.swift */ = {isa = PBXFileReference; fileEncoding = 4; lastKnownFileType = sourcecode.swift; path = HostStationPoint.swift; sourceTree = "<group>"; };
		A6F815801C9D6F77002D84F7 /* HostStation+CoreDataProperties.swift */ = {isa = PBXFileReference; fileEncoding = 4; lastKnownFileType = sourcecode.swift; path = "HostStation+CoreDataProperties.swift"; sourceTree = "<group>"; };
		A6F815811C9D6F77002D84F7 /* HostStation.swift */ = {isa = PBXFileReference; fileEncoding = 4; lastKnownFileType = sourcecode.swift; path = HostStation.swift; sourceTree = "<group>"; };
		A6F815821C9D6F77002D84F7 /* HostCity+CoreDataProperties.swift */ = {isa = PBXFileReference; fileEncoding = 4; lastKnownFileType = sourcecode.swift; path = "HostCity+CoreDataProperties.swift"; sourceTree = "<group>"; };
		A6F815831C9D6F77002D84F7 /* HostCity.swift */ = {isa = PBXFileReference; fileEncoding = 4; lastKnownFileType = sourcecode.swift; path = HostCity.swift; sourceTree = "<group>"; };
		A89C0163791F8EBC8199CA45 /* Pods.framework */ = {isa = PBXFileReference; explicitFileType = wrapper.framework; includeInIndex = 0; path = Pods.framework; sourceTree = BUILT_PRODUCTS_DIR; };
/* End PBXFileReference section */

/* Begin PBXFrameworksBuildPhase section */
		A65861E91C9C69D6009F1CAB /* Frameworks */ = {
			isa = PBXFrameworksBuildPhase;
			buildActionMask = 2147483647;
			files = (
				196A9F163DEA5061BA954809 /* Pods.framework in Frameworks */,
			);
			runOnlyForDeploymentPostprocessing = 0;
		};
		A65862001C9C69D6009F1CAB /* Frameworks */ = {
			isa = PBXFrameworksBuildPhase;
			buildActionMask = 2147483647;
			files = (
			);
			runOnlyForDeploymentPostprocessing = 0;
		};
/* End PBXFrameworksBuildPhase section */

/* Begin PBXGroup section */
		A65861E31C9C69D6009F1CAB = {
			isa = PBXGroup;
			children = (
				A65861EE1C9C69D6009F1CAB /* TestWay */,
				A65862061C9C69D6009F1CAB /* TestWayUITests */,
				A65861ED1C9C69D6009F1CAB /* Products */,
				F6AB057686FDFA578138BC05 /* Pods */,
				DDFAFDB08DD5779A4469F31A /* Frameworks */,
			);
			sourceTree = "<group>";
		};
		A65861ED1C9C69D6009F1CAB /* Products */ = {
			isa = PBXGroup;
			children = (
				A65861EC1C9C69D6009F1CAB /* TestWay.app */,
				A65862031C9C69D6009F1CAB /* TestWayUITests.xctest */,
			);
			name = Products;
			sourceTree = "<group>";
		};
		A65861EE1C9C69D6009F1CAB /* TestWay */ = {
			isa = PBXGroup;
			children = (
				A65861EF1C9C69D6009F1CAB /* AppDelegate.swift */,
				A65862121C9C72F8009F1CAB /* Controllers */,
				A65862141C9C7312009F1CAB /* Workers */,
				A65862161C9C734B009F1CAB /* Interface */,
				A65862171C9C7362009F1CAB /* Resource */,
				A658621D1C9C7CA9009F1CAB /* Files */,
				A65862181C9C7372009F1CAB /* CoreData */,
				A65861FE1C9C69D6009F1CAB /* Info.plist */,
			);
			path = TestWay;
			sourceTree = "<group>";
		};
		A65862061C9C69D6009F1CAB /* TestWayUITests */ = {
			isa = PBXGroup;
			children = (
				A65862071C9C69D6009F1CAB /* TestWayUITests.swift */,
				A65862091C9C69D6009F1CAB /* Info.plist */,
			);
			path = TestWayUITests;
			sourceTree = "<group>";
		};
		A65862121C9C72F8009F1CAB /* Controllers */ = {
			isa = PBXGroup;
			children = (
				A658621B1C9C74B7009F1CAB /* RouteTableViewController.swift */,
				A65862641C9C97C7009F1CAB /* SelectRouteTableViewController.swift */,
			);
			name = Controllers;
			sourceTree = "<group>";
		};
		A65862141C9C7312009F1CAB /* Workers */ = {
			isa = PBXGroup;
			children = (
				A65862191C9C73AB009F1CAB /* DataManager.swift */,
			);
			name = Workers;
			sourceTree = "<group>";
		};
		A65862161C9C734B009F1CAB /* Interface */ = {
			isa = PBXGroup;
			children = (
				A65861F31C9C69D6009F1CAB /* Main.storyboard */,
				A65861FB1C9C69D6009F1CAB /* LaunchScreen.storyboard */,
			);
			name = Interface;
			sourceTree = "<group>";
		};
		A65862171C9C7362009F1CAB /* Resource */ = {
			isa = PBXGroup;
			children = (
				A65861F91C9C69D6009F1CAB /* Assets.xcassets */,
			);
			name = Resource;
			sourceTree = "<group>";
		};
		A65862181C9C7372009F1CAB /* CoreData */ = {
			isa = PBXGroup;
			children = (
				A6F8157A1C9D6F1F002D84F7 /* DepartureData */,
				A6F8157B1C9D6F33002D84F7 /* HostData */,
				A65861F61C9C69D6009F1CAB /* TestWay.xcdatamodeld */,
			);
			name = CoreData;
			sourceTree = "<group>";
		};
		A658621D1C9C7CA9009F1CAB /* Files */ = {
			isa = PBXGroup;
			children = (
				A658621E1C9C7CB4009F1CAB /* allStations.json */,
			);
			name = Files;
			sourceTree = "<group>";
		};
		A6F8157A1C9D6F1F002D84F7 /* DepartureData */ = {
			isa = PBXGroup;
			children = (
				A65862601C9C9451009F1CAB /* DepartureStationPoint+CoreDataProperties.swift */,
				A65862611C9C9451009F1CAB /* DepartureStationPoint.swift */,
				A65862521C9C8B58009F1CAB /* DepartureCity+CoreDataProperties.swift */,
				A65862531C9C8B58009F1CAB /* DepartureCity.swift */,
				A65862541C9C8B58009F1CAB /* DepartureStation+CoreDataProperties.swift */,
				A65862551C9C8B58009F1CAB /* DepartureStation.swift */,
				A65862561C9C8B58009F1CAB /* DeparturePoint+CoreDataProperties.swift */,
				A65862571C9C8B58009F1CAB /* DeparturePoint.swift */,
			);
			name = DepartureData;
			sourceTree = "<group>";
		};
		A6F8157B1C9D6F33002D84F7 /* HostData */ = {
			isa = PBXGroup;
			children = (
				A6F8157C1C9D6F77002D84F7 /* HostPoint+CoreDataProperties.swift */,
				A6F8157D1C9D6F77002D84F7 /* HostPoint.swift */,
				A6F8157E1C9D6F77002D84F7 /* HostStationPoint+CoreDataProperties.swift */,
				A6F8157F1C9D6F77002D84F7 /* HostStationPoint.swift */,
				A6F815801C9D6F77002D84F7 /* HostStation+CoreDataProperties.swift */,
				A6F815811C9D6F77002D84F7 /* HostStation.swift */,
				A6F815821C9D6F77002D84F7 /* HostCity+CoreDataProperties.swift */,
				A6F815831C9D6F77002D84F7 /* HostCity.swift */,
			);
			name = HostData;
			sourceTree = "<group>";
		};
		DDFAFDB08DD5779A4469F31A /* Frameworks */ = {
			isa = PBXGroup;
			children = (
				A89C0163791F8EBC8199CA45 /* Pods.framework */,
			);
			name = Frameworks;
			sourceTree = "<group>";
		};
		F6AB057686FDFA578138BC05 /* Pods */ = {
			isa = PBXGroup;
			children = (
				47F55270C995DBAF9BB94C10 /* Pods.debug.xcconfig */,
				70864F2DF855BF8D6AD3B7DD /* Pods.release.xcconfig */,
			);
			name = Pods;
			sourceTree = "<group>";
		};
/* End PBXGroup section */

/* Begin PBXNativeTarget section */
		A65861EB1C9C69D6009F1CAB /* TestWay */ = {
			isa = PBXNativeTarget;
			buildConfigurationList = A658620C1C9C69D6009F1CAB /* Build configuration list for PBXNativeTarget "TestWay" */;
			buildPhases = (
				998EB5BB62CF861C8A5A67B7 /* Check Pods Manifest.lock */,
				A65861E81C9C69D6009F1CAB /* Sources */,
				A65861E91C9C69D6009F1CAB /* Frameworks */,
				A65861EA1C9C69D6009F1CAB /* Resources */,
				77EC211310BD1CCF7ADE56DF /* Embed Pods Frameworks */,
				9220AC14A52C518C859DAF78 /* Copy Pods Resources */,
			);
			buildRules = (
			);
			dependencies = (
			);
			name = TestWay;
			productName = TestWay;
			productReference = A65861EC1C9C69D6009F1CAB /* TestWay.app */;
			productType = "com.apple.product-type.application";
		};
		A65862021C9C69D6009F1CAB /* TestWayUITests */ = {
			isa = PBXNativeTarget;
			buildConfigurationList = A658620F1C9C69D6009F1CAB /* Build configuration list for PBXNativeTarget "TestWayUITests" */;
			buildPhases = (
				A65861FF1C9C69D6009F1CAB /* Sources */,
				A65862001C9C69D6009F1CAB /* Frameworks */,
				A65862011C9C69D6009F1CAB /* Resources */,
			);
			buildRules = (
			);
			dependencies = (
				A65862051C9C69D6009F1CAB /* PBXTargetDependency */,
			);
			name = TestWayUITests;
			productName = TestWayUITests;
			productReference = A65862031C9C69D6009F1CAB /* TestWayUITests.xctest */;
			productType = "com.apple.product-type.bundle.ui-testing";
		};
/* End PBXNativeTarget section */

/* Begin PBXProject section */
		A65861E41C9C69D6009F1CAB /* Project object */ = {
			isa = PBXProject;
			attributes = {
				LastSwiftUpdateCheck = 0720;
				LastUpgradeCheck = 0720;
				ORGANIZATIONNAME = "Alexsander Khitev";
				TargetAttributes = {
					A65861EB1C9C69D6009F1CAB = {
						CreatedOnToolsVersion = 7.2;
					};
					A65862021C9C69D6009F1CAB = {
						CreatedOnToolsVersion = 7.2;
						TestTargetID = A65861EB1C9C69D6009F1CAB;
					};
				};
			};
			buildConfigurationList = A65861E71C9C69D6009F1CAB /* Build configuration list for PBXProject "TestWay" */;
			compatibilityVersion = "Xcode 3.2";
			developmentRegion = English;
			hasScannedForEncodings = 0;
			knownRegions = (
				en,
				Base,
			);
			mainGroup = A65861E31C9C69D6009F1CAB;
			productRefGroup = A65861ED1C9C69D6009F1CAB /* Products */;
			projectDirPath = "";
			projectRoot = "";
			targets = (
				A65861EB1C9C69D6009F1CAB /* TestWay */,
				A65862021C9C69D6009F1CAB /* TestWayUITests */,
			);
		};
/* End PBXProject section */

/* Begin PBXResourcesBuildPhase section */
		A65861EA1C9C69D6009F1CAB /* Resources */ = {
			isa = PBXResourcesBuildPhase;
			buildActionMask = 2147483647;
			files = (
				A65861FD1C9C69D6009F1CAB /* LaunchScreen.storyboard in Resources */,
				A65861FA1C9C69D6009F1CAB /* Assets.xcassets in Resources */,
				A658621F1C9C7CB4009F1CAB /* allStations.json in Resources */,
				A65861F51C9C69D6009F1CAB /* Main.storyboard in Resources */,
			);
			runOnlyForDeploymentPostprocessing = 0;
		};
		A65862011C9C69D6009F1CAB /* Resources */ = {
			isa = PBXResourcesBuildPhase;
			buildActionMask = 2147483647;
			files = (
			);
			runOnlyForDeploymentPostprocessing = 0;
		};
/* End PBXResourcesBuildPhase section */

/* Begin PBXShellScriptBuildPhase section */
		77EC211310BD1CCF7ADE56DF /* Embed Pods Frameworks */ = {
			isa = PBXShellScriptBuildPhase;
			buildActionMask = 2147483647;
			files = (
			);
			inputPaths = (
			);
			name = "Embed Pods Frameworks";
			outputPaths = (
			);
			runOnlyForDeploymentPostprocessing = 0;
			shellPath = /bin/sh;
			shellScript = "\"${SRCROOT}/Pods/Target Support Files/Pods/Pods-frameworks.sh\"\n";
			showEnvVarsInLog = 0;
		};
		9220AC14A52C518C859DAF78 /* Copy Pods Resources */ = {
			isa = PBXShellScriptBuildPhase;
			buildActionMask = 2147483647;
			files = (
			);
			inputPaths = (
			);
			name = "Copy Pods Resources";
			outputPaths = (
			);
			runOnlyForDeploymentPostprocessing = 0;
			shellPath = /bin/sh;
			shellScript = "\"${SRCROOT}/Pods/Target Support Files/Pods/Pods-resources.sh\"\n";
			showEnvVarsInLog = 0;
		};
		998EB5BB62CF861C8A5A67B7 /* Check Pods Manifest.lock */ = {
			isa = PBXShellScriptBuildPhase;
			buildActionMask = 2147483647;
			files = (
			);
			inputPaths = (
			);
			name = "Check Pods Manifest.lock";
			outputPaths = (
			);
			runOnlyForDeploymentPostprocessing = 0;
			shellPath = /bin/sh;
			shellScript = "diff \"${PODS_ROOT}/../Podfile.lock\" \"${PODS_ROOT}/Manifest.lock\" > /dev/null\nif [[ $? != 0 ]] ; then\n    cat << EOM\nerror: The sandbox is not in sync with the Podfile.lock. Run 'pod install' or update your CocoaPods installation.\nEOM\n    exit 1\nfi\n";
			showEnvVarsInLog = 0;
		};
/* End PBXShellScriptBuildPhase section */

/* Begin PBXSourcesBuildPhase section */
		A65861E81C9C69D6009F1CAB /* Sources */ = {
			isa = PBXSourcesBuildPhase;
			buildActionMask = 2147483647;
			files = (
				A658625F1C9C8B58009F1CAB /* DeparturePoint.swift in Sources */,
				A658625D1C9C8B58009F1CAB /* DepartureStation.swift in Sources */,
				A6F815841C9D6F77002D84F7 /* HostPoint+CoreDataProperties.swift in Sources */,
				A65861F81C9C69D6009F1CAB /* TestWay.xcdatamodeld in Sources */,
				A658621A1C9C73AB009F1CAB /* DataManager.swift in Sources */,
				A658625E1C9C8B58009F1CAB /* DeparturePoint+CoreDataProperties.swift in Sources */,
				A658625B1C9C8B58009F1CAB /* DepartureCity.swift in Sources */,
				A6F815851C9D6F77002D84F7 /* HostPoint.swift in Sources */,
				A6F815891C9D6F77002D84F7 /* HostStation.swift in Sources */,
				A65862631C9C9451009F1CAB /* DepartureStationPoint.swift in Sources */,
				A6F815861C9D6F77002D84F7 /* HostStationPoint+CoreDataProperties.swift in Sources */,
				A65861F01C9C69D6009F1CAB /* AppDelegate.swift in Sources */,
				A658621C1C9C74B7009F1CAB /* RouteTableViewController.swift in Sources */,
				A6F815881C9D6F77002D84F7 /* HostStation+CoreDataProperties.swift in Sources */,
				A658625C1C9C8B58009F1CAB /* DepartureStation+CoreDataProperties.swift in Sources */,
				A6F8158B1C9D6F77002D84F7 /* HostCity.swift in Sources */,
				A65862621C9C9451009F1CAB /* DepartureStationPoint+CoreDataProperties.swift in Sources */,
				A65862651C9C97C7009F1CAB /* SelectRouteTableViewController.swift in Sources */,
				A6F815871C9D6F77002D84F7 /* HostStationPoint.swift in Sources */,
				A6F8158A1C9D6F77002D84F7 /* HostCity+CoreDataProperties.swift in Sources */,
				A658625A1C9C8B58009F1CAB /* DepartureCity+CoreDataProperties.swift in Sources */,
			);
			runOnlyForDeploymentPostprocessing = 0;
		};
		A65861FF1C9C69D6009F1CAB /* Sources */ = {
			isa = PBXSourcesBuildPhase;
			buildActionMask = 2147483647;
			files = (
				A65862081C9C69D6009F1CAB /* TestWayUITests.swift in Sources */,
			);
			runOnlyForDeploymentPostprocessing = 0;
		};
/* End PBXSourcesBuildPhase section */

/* Begin PBXTargetDependency section */
		A65862051C9C69D6009F1CAB /* PBXTargetDependency */ = {
			isa = PBXTargetDependency;
			target = A65861EB1C9C69D6009F1CAB /* TestWay */;
			targetProxy = A65862041C9C69D6009F1CAB /* PBXContainerItemProxy */;
		};
/* End PBXTargetDependency section */

/* Begin PBXVariantGroup section */
		A65861F31C9C69D6009F1CAB /* Main.storyboard */ = {
			isa = PBXVariantGroup;
			children = (
				A65861F41C9C69D6009F1CAB /* Base */,
			);
			name = Main.storyboard;
			sourceTree = "<group>";
		};
		A65861FB1C9C69D6009F1CAB /* LaunchScreen.storyboard */ = {
			isa = PBXVariantGroup;
			children = (
				A65861FC1C9C69D6009F1CAB /* Base */,
			);
			name = LaunchScreen.storyboard;
			sourceTree = "<group>";
		};
/* End PBXVariantGroup section */

/* Begin XCBuildConfiguration section */
		A658620A1C9C69D6009F1CAB /* Debug */ = {
			isa = XCBuildConfiguration;
			buildSettings = {
				ALWAYS_SEARCH_USER_PATHS = NO;
				CLANG_CXX_LANGUAGE_STANDARD = "gnu++0x";
				CLANG_CXX_LIBRARY = "libc++";
				CLANG_ENABLE_MODULES = YES;
				CLANG_ENABLE_OBJC_ARC = YES;
				CLANG_WARN_BOOL_CONVERSION = YES;
				CLANG_WARN_CONSTANT_CONVERSION = YES;
				CLANG_WARN_DIRECT_OBJC_ISA_USAGE = YES_ERROR;
				CLANG_WARN_EMPTY_BODY = YES;
				CLANG_WARN_ENUM_CONVERSION = YES;
				CLANG_WARN_INT_CONVERSION = YES;
				CLANG_WARN_OBJC_ROOT_CLASS = YES_ERROR;
				CLANG_WARN_UNREACHABLE_CODE = YES;
				CLANG_WARN__DUPLICATE_METHOD_MATCH = YES;
				"CODE_SIGN_IDENTITY[sdk=iphoneos*]" = "iPhone Developer";
				COPY_PHASE_STRIP = NO;
				DEBUG_INFORMATION_FORMAT = dwarf;
				ENABLE_STRICT_OBJC_MSGSEND = YES;
				ENABLE_TESTABILITY = YES;
				GCC_C_LANGUAGE_STANDARD = gnu99;
				GCC_DYNAMIC_NO_PIC = NO;
				GCC_NO_COMMON_BLOCKS = YES;
				GCC_OPTIMIZATION_LEVEL = 0;
				GCC_PREPROCESSOR_DEFINITIONS = (
					"DEBUG=1",
					"$(inherited)",
				);
				GCC_WARN_64_TO_32_BIT_CONVERSION = YES;
				GCC_WARN_ABOUT_RETURN_TYPE = YES_ERROR;
				GCC_WARN_UNDECLARED_SELECTOR = YES;
				GCC_WARN_UNINITIALIZED_AUTOS = YES_AGGRESSIVE;
				GCC_WARN_UNUSED_FUNCTION = YES;
				GCC_WARN_UNUSED_VARIABLE = YES;
				IPHONEOS_DEPLOYMENT_TARGET = 9.2;
				MTL_ENABLE_DEBUG_INFO = YES;
				ONLY_ACTIVE_ARCH = YES;
				SDKROOT = iphoneos;
				SWIFT_OPTIMIZATION_LEVEL = "-Onone";
				TARGETED_DEVICE_FAMILY = "1,2";
			};
			name = Debug;
		};
		A658620B1C9C69D6009F1CAB /* Release */ = {
			isa = XCBuildConfiguration;
			buildSettings = {
				ALWAYS_SEARCH_USER_PATHS = NO;
				CLANG_CXX_LANGUAGE_STANDARD = "gnu++0x";
				CLANG_CXX_LIBRARY = "libc++";
				CLANG_ENABLE_MODULES = YES;
				CLANG_ENABLE_OBJC_ARC = YES;
				CLANG_WARN_BOOL_CONVERSION = YES;
				CLANG_WARN_CONSTANT_CONVERSION = YES;
				CLANG_WARN_DIRECT_OBJC_ISA_USAGE = YES_ERROR;
				CLANG_WARN_EMPTY_BODY = YES;
				CLANG_WARN_ENUM_CONVERSION = YES;
				CLANG_WARN_INT_CONVERSION = YES;
				CLANG_WARN_OBJC_ROOT_CLASS = YES_ERROR;
				CLANG_WARN_UNREACHABLE_CODE = YES;
				CLANG_WARN__DUPLICATE_METHOD_MATCH = YES;
				"CODE_SIGN_IDENTITY[sdk=iphoneos*]" = "iPhone Developer";
				COPY_PHASE_STRIP = NO;
				DEBUG_INFORMATION_FORMAT = "dwarf-with-dsym";
				ENABLE_NS_ASSERTIONS = NO;
				ENABLE_STRICT_OBJC_MSGSEND = YES;
				GCC_C_LANGUAGE_STANDARD = gnu99;
				GCC_NO_COMMON_BLOCKS = YES;
				GCC_WARN_64_TO_32_BIT_CONVERSION = YES;
				GCC_WARN_ABOUT_RETURN_TYPE = YES_ERROR;
				GCC_WARN_UNDECLARED_SELECTOR = YES;
				GCC_WARN_UNINITIALIZED_AUTOS = YES_AGGRESSIVE;
				GCC_WARN_UNUSED_FUNCTION = YES;
				GCC_WARN_UNUSED_VARIABLE = YES;
				IPHONEOS_DEPLOYMENT_TARGET = 9.2;
				MTL_ENABLE_DEBUG_INFO = NO;
				SDKROOT = iphoneos;
				TARGETED_DEVICE_FAMILY = "1,2";
				VALIDATE_PRODUCT = YES;
			};
			name = Release;
		};
		A658620D1C9C69D6009F1CAB /* Debug */ = {
			isa = XCBuildConfiguration;
			baseConfigurationReference = 47F55270C995DBAF9BB94C10 /* Pods.debug.xcconfig */;
			buildSettings = {
				ASSETCATALOG_COMPILER_APPICON_NAME = AppIcon;
				INFOPLIST_FILE = TestWay/Info.plist;
				LD_RUNPATH_SEARCH_PATHS = "$(inherited) @executable_path/Frameworks";
				PRODUCT_BUNDLE_IDENTIFIER = "Alexsander-Khitev.TestWay";
				PRODUCT_NAME = "$(TARGET_NAME)";
			};
			name = Debug;
		};
		A658620E1C9C69D6009F1CAB /* Release */ = {
			isa = XCBuildConfiguration;
			baseConfigurationReference = 70864F2DF855BF8D6AD3B7DD /* Pods.release.xcconfig */;
			buildSettings = {
				ASSETCATALOG_COMPILER_APPICON_NAME = AppIcon;
				INFOPLIST_FILE = TestWay/Info.plist;
				LD_RUNPATH_SEARCH_PATHS = "$(inherited) @executable_path/Frameworks";
				PRODUCT_BUNDLE_IDENTIFIER = "Alexsander-Khitev.TestWay";
				PRODUCT_NAME = "$(TARGET_NAME)";
			};
			name = Release;
		};
		A65862101C9C69D6009F1CAB /* Debug */ = {
			isa = XCBuildConfiguration;
			buildSettings = {
				INFOPLIST_FILE = TestWayUITests/Info.plist;
				LD_RUNPATH_SEARCH_PATHS = "$(inherited) @executable_path/Frameworks @loader_path/Frameworks";
				PRODUCT_BUNDLE_IDENTIFIER = "Alexsander-Khitev.TestWayUITests";
				PRODUCT_NAME = "$(TARGET_NAME)";
				TEST_TARGET_NAME = TestWay;
				USES_XCTRUNNER = YES;
			};
			name = Debug;
		};
		A65862111C9C69D6009F1CAB /* Release */ = {
			isa = XCBuildConfiguration;
			buildSettings = {
				INFOPLIST_FILE = TestWayUITests/Info.plist;
				LD_RUNPATH_SEARCH_PATHS = "$(inherited) @executable_path/Frameworks @loader_path/Frameworks";
				PRODUCT_BUNDLE_IDENTIFIER = "Alexsander-Khitev.TestWayUITests";
				PRODUCT_NAME = "$(TARGET_NAME)";
				TEST_TARGET_NAME = TestWay;
				USES_XCTRUNNER = YES;
			};
			name = Release;
		};
/* End XCBuildConfiguration section */

/* Begin XCConfigurationList section */
		A65861E71C9C69D6009F1CAB /* Build configuration list for PBXProject "TestWay" */ = {
			isa = XCConfigurationList;
			buildConfigurations = (
				A658620A1C9C69D6009F1CAB /* Debug */,
				A658620B1C9C69D6009F1CAB /* Release */,
			);
			defaultConfigurationIsVisible = 0;
			defaultConfigurationName = Release;
		};
		A658620C1C9C69D6009F1CAB /* Build configuration list for PBXNativeTarget "TestWay" */ = {
			isa = XCConfigurationList;
			buildConfigurations = (
				A658620D1C9C69D6009F1CAB /* Debug */,
				A658620E1C9C69D6009F1CAB /* Release */,
			);
			defaultConfigurationIsVisible = 0;
			defaultConfigurationName = Release;
		};
		A658620F1C9C69D6009F1CAB /* Build configuration list for PBXNativeTarget "TestWayUITests" */ = {
			isa = XCConfigurationList;
			buildConfigurations = (
				A65862101C9C69D6009F1CAB /* Debug */,
				A65862111C9C69D6009F1CAB /* Release */,
			);
			defaultConfigurationIsVisible = 0;
			defaultConfigurationName = Release;
		};
/* End XCConfigurationList section */

/* Begin XCVersionGroup section */
		A65861F61C9C69D6009F1CAB /* TestWay.xcdatamodeld */ = {
			isa = XCVersionGroup;
			children = (
				A65861F71C9C69D6009F1CAB /* TestWay.xcdatamodel */,
			);
			currentVersion = A65861F71C9C69D6009F1CAB /* TestWay.xcdatamodel */;
			path = TestWay.xcdatamodeld;
			sourceTree = "<group>";
			versionGroupType = wrapper.xcdatamodel;
		};
/* End XCVersionGroup section */
	};
	rootObject = A65861E41C9C69D6009F1CAB /* Project object */;
}
